
Microsoft Visual Studio Solution File, Format Version 12.00
# Visual Studio 15
VisualStudioVersion = 15.0.28307.572
MinimumVisualStudioVersion = 10.0.40219.1
Project("{FAE04EC0-301F-11D3-BF4B-00C04F79EFBC}") = "App", "App\App.csproj", "{8B2F781C-DA2D-4B84-AD82-F23E58899A3C}"
EndProject
Global
	GlobalSection(SolutionConfigurationPlatforms) = preSolution
		Debug|Any CPU = Debug|Any CPU
		Release|Any CPU = Release|Any CPU
	EndGlobalSection
	GlobalSection(ProjectConfigurationPlatforms) = postSolution
		{8B2F781C-DA2D-4B84-AD82-F23E58899A3C}.Debug|Any CPU.ActiveCfg = Debug|Any CPU
		{8B2F781C-DA2D-4B84-AD82-F23E58899A3C}.Debug|Any CPU.Build.0 = Debug|Any CPU
		{8B2F781C-DA2D-4B84-AD82-F23E58899A3C}.Release|Any CPU.ActiveCfg = Release|Any CPU
		{8B2F781C-DA2D-4B84-AD82-F23E58899A3C}.Release|Any CPU.Build.0 = Release|Any CPU
	EndGlobalSection
	GlobalSection(SolutionProperties) = preSolution
		HideSolutionNode = FALSE
	EndGlobalSection
	GlobalSection(ExtensibilityGlobals) = postSolution
		SolutionGuid = {A3C14ABF-B959-4377-B89F-71C78F726FCF}
	EndGlobalSection
EndGlobal
